
Microsoft Visual Studio Solution File, Format Version 12.00
# Visual Studio 15
VisualStudioVersion = 15.0.28307.757
MinimumVisualStudioVersion = 10.0.40219.1
Project("{FAE04EC0-301F-11D3-BF4B-00C04F79EFBC}") = "APPSRSM.Android", "APPSRSM\APPSRSM.Android\APPSRSM.Android.csproj", "{C4E850A1-1382-42D5-9236-283C61263BE7}"
EndProject
Project("{FAE04EC0-301F-11D3-BF4B-00C04F79EFBC}") = "APPSRSM.iOS", "APPSRSM\APPSRSM.iOS\APPSRSM.iOS.csproj", "{3AFB0364-3A86-418D-A57E-8B6ED2A37EFC}"
EndProject
Project("{FAE04EC0-301F-11D3-BF4B-00C04F79EFBC}") = "APPSRSM.UWP", "APPSRSM\APPSRSM.UWP\APPSRSM.UWP.csproj", "{F91BCEEC-98AA-472C-B1F8-8E3A2005AE75}"
EndProject
Project("{9A19103F-16F7-4668-BE54-9A1E7A4F7556}") = "APPSRSM", "APPSRSM\APPSRSM\APPSRSM.csproj", "{64C958C8-3D0D-4607-A197-96C6230C42CC}"
EndProject
Global
	GlobalSection(SolutionConfigurationPlatforms) = preSolution
		Ad-Hoc|Any CPU = Ad-Hoc|Any CPU
		Ad-Hoc|ARM = Ad-Hoc|ARM
		Ad-Hoc|iPhone = Ad-Hoc|iPhone
		Ad-Hoc|iPhoneSimulator = Ad-Hoc|iPhoneSimulator
		Ad-Hoc|x64 = Ad-Hoc|x64
		Ad-Hoc|x86 = Ad-Hoc|x86
		AppStore|Any CPU = AppStore|Any CPU
		AppStore|ARM = AppStore|ARM
		AppStore|iPhone = AppStore|iPhone
		AppStore|iPhoneSimulator = AppStore|iPhoneSimulator
		AppStore|x64 = AppStore|x64
		AppStore|x86 = AppStore|x86
		Debug|Any CPU = Debug|Any CPU
		Debug|ARM = Debug|ARM
		Debug|iPhone = Debug|iPhone
		Debug|iPhoneSimulator = Debug|iPhoneSimulator
		Debug|x64 = Debug|x64
		Debug|x86 = Debug|x86
		Release|Any CPU = Release|Any CPU
		Release|ARM = Release|ARM
		Release|iPhone = Release|iPhone
		Release|iPhoneSimulator = Release|iPhoneSimulator
		Release|x64 = Release|x64
		Release|x86 = Release|x86
	EndGlobalSection
	GlobalSection(ProjectConfigurationPlatforms) = postSolution
		{C4E850A1-1382-42D5-9236-283C61263BE7}.Ad-Hoc|Any CPU.ActiveCfg = Release|Any CPU
		{C4E850A1-1382-42D5-9236-283C61263BE7}.Ad-Hoc|Any CPU.Build.0 = Release|Any CPU
		{C4E850A1-1382-42D5-9236-283C61263BE7}.Ad-Hoc|Any CPU.Deploy.0 = Release|Any CPU
		{C4E850A1-1382-42D5-9236-283C61263BE7}.Ad-Hoc|ARM.ActiveCfg = Release|Any CPU
		{C4E850A1-1382-42D5-9236-283C61263BE7}.Ad-Hoc|ARM.Build.0 = Release|Any CPU
		{C4E850A1-1382-42D5-9236-283C61263BE7}.Ad-Hoc|ARM.Deploy.0 = Release|Any CPU
		{C4E850A1-1382-42D5-9236-283C61263BE7}.Ad-Hoc|iPhone.ActiveCfg = Release|Any CPU
		{C4E850A1-1382-42D5-9236-283C61263BE7}.Ad-Hoc|iPhone.Build.0 = Release|Any CPU
		{C4E850A1-1382-42D5-9236-283C61263BE7}.Ad-Hoc|iPhone.Deploy.0 = Release|Any CPU
		{C4E850A1-1382-42D5-9236-283C61263BE7}.Ad-Hoc|iPhoneSimulator.ActiveCfg = Release|Any CPU
		{C4E850A1-1382-42D5-9236-283C61263BE7}.Ad-Hoc|iPhoneSimulator.Build.0 = Release|Any CPU
		{C4E850A1-1382-42D5-9236-283C61263BE7}.Ad-Hoc|iPhoneSimulator.Deploy.0 = Release|Any CPU
		{C4E850A1-1382-42D5-9236-283C61263BE7}.Ad-Hoc|x64.ActiveCfg = Release|Any CPU
		{C4E850A1-1382-42D5-9236-283C61263BE7}.Ad-Hoc|x64.Build.0 = Release|Any CPU
		{C4E850A1-1382-42D5-9236-283C61263BE7}.Ad-Hoc|x64.Deploy.0 = Release|Any CPU
		{C4E850A1-1382-42D5-9236-283C61263BE7}.Ad-Hoc|x86.ActiveCfg = Release|Any CPU
		{C4E850A1-1382-42D5-9236-283C61263BE7}.Ad-Hoc|x86.Build.0 = Release|Any CPU
		{C4E850A1-1382-42D5-9236-283C61263BE7}.Ad-Hoc|x86.Deploy.0 = Release|Any CPU
		{C4E850A1-1382-42D5-9236-283C61263BE7}.AppStore|Any CPU.ActiveCfg = Release|Any CPU
		{C4E850A1-1382-42D5-9236-283C61263BE7}.AppStore|Any CPU.Build.0 = Release|Any CPU
		{C4E850A1-1382-42D5-9236-283C61263BE7}.AppStore|Any CPU.Deploy.0 = Release|Any CPU
		{C4E850A1-1382-42D5-9236-283C61263BE7}.AppStore|ARM.ActiveCfg = Release|Any CPU
		{C4E850A1-1382-42D5-9236-283C61263BE7}.AppStore|ARM.Build.0 = Release|Any CPU
		{C4E850A1-1382-42D5-9236-283C61263BE7}.AppStore|ARM.Deploy.0 = Release|Any CPU
		{C4E850A1-1382-42D5-9236-283C61263BE7}.AppStore|iPhone.ActiveCfg = Release|Any CPU
		{C4E850A1-1382-42D5-9236-283C61263BE7}.AppStore|iPhone.Build.0 = Release|Any CPU
		{C4E850A1-1382-42D5-9236-283C61263BE7}.AppStore|iPhone.Deploy.0 = Release|Any CPU
		{C4E850A1-1382-42D5-9236-283C61263BE7}.AppStore|iPhoneSimulator.ActiveCfg = Release|Any CPU
		{C4E850A1-1382-42D5-9236-283C61263BE7}.AppStore|iPhoneSimulator.Build.0 = Release|Any CPU
		{C4E850A1-1382-42D5-9236-283C61263BE7}.AppStore|iPhoneSimulator.Deploy.0 = Release|Any CPU
		{C4E850A1-1382-42D5-9236-283C61263BE7}.AppStore|x64.ActiveCfg = Release|Any CPU
		{C4E850A1-1382-42D5-9236-283C61263BE7}.AppStore|x64.Build.0 = Release|Any CPU
		{C4E850A1-1382-42D5-9236-283C61263BE7}.AppStore|x64.Deploy.0 = Release|Any CPU
		{C4E850A1-1382-42D5-9236-283C61263BE7}.AppStore|x86.ActiveCfg = Release|Any CPU
		{C4E850A1-1382-42D5-9236-283C61263BE7}.AppStore|x86.Build.0 = Release|Any CPU
		{C4E850A1-1382-42D5-9236-283C61263BE7}.AppStore|x86.Deploy.0 = Release|Any CPU
		{C4E850A1-1382-42D5-9236-283C61263BE7}.Debug|Any CPU.ActiveCfg = Debug|Any CPU
		{C4E850A1-1382-42D5-9236-283C61263BE7}.Debug|Any CPU.Build.0 = Debug|Any CPU
		{C4E850A1-1382-42D5-9236-283C61263BE7}.Debug|Any CPU.Deploy.0 = Debug|Any CPU
		{C4E850A1-1382-42D5-9236-283C61263BE7}.Debug|ARM.ActiveCfg = Debug|Any CPU
		{C4E850A1-1382-42D5-9236-283C61263BE7}.Debug|ARM.Build.0 = Debug|Any CPU
		{C4E850A1-1382-42D5-9236-283C61263BE7}.Debug|ARM.Deploy.0 = Debug|Any CPU
		{C4E850A1-1382-42D5-9236-283C61263BE7}.Debug|iPhone.ActiveCfg = Debug|Any CPU
		{C4E850A1-1382-42D5-9236-283C61263BE7}.Debug|iPhone.Build.0 = Debug|Any CPU
		{C4E850A1-1382-42D5-9236-283C61263BE7}.Debug|iPhone.Deploy.0 = Debug|Any CPU
		{C4E850A1-1382-42D5-9236-283C61263BE7}.Debug|iPhoneSimulator.ActiveCfg = Debug|Any CPU
		{C4E850A1-1382-42D5-9236-283C61263BE7}.Debug|iPhoneSimulator.Build.0 = Debug|Any CPU
		{C4E850A1-1382-42D5-9236-283C61263BE7}.Debug|iPhoneSimulator.Deploy.0 = Debug|Any CPU
		{C4E850A1-1382-42D5-9236-283C61263BE7}.Debug|x64.ActiveCfg = Debug|Any CPU
		{C4E850A1-1382-42D5-9236-283C61263BE7}.Debug|x64.Build.0 = Debug|Any CPU
		{C4E850A1-1382-42D5-9236-283C61263BE7}.Debug|x64.Deploy.0 = Debug|Any CPU
		{C4E850A1-1382-42D5-9236-283C61263BE7}.Debug|x86.ActiveCfg = Debug|Any CPU
		{C4E850A1-1382-42D5-9236-283C61263BE7}.Debug|x86.Build.0 = Debug|Any CPU
		{C4E850A1-1382-42D5-9236-283C61263BE7}.Debug|x86.Deploy.0 = Debug|Any CPU
		{C4E850A1-1382-42D5-9236-283C61263BE7}.Release|Any CPU.ActiveCfg = Release|Any CPU
		{C4E850A1-1382-42D5-9236-283C61263BE7}.Release|Any CPU.Build.0 = Release|Any CPU
		{C4E850A1-1382-42D5-9236-283C61263BE7}.Release|Any CPU.Deploy.0 = Release|Any CPU
		{C4E850A1-1382-42D5-9236-283C61263BE7}.Release|ARM.ActiveCfg = Release|Any CPU
		{C4E850A1-1382-42D5-9236-283C61263BE7}.Release|ARM.Build.0 = Release|Any CPU
		{C4E850A1-1382-42D5-9236-283C61263BE7}.Release|ARM.Deploy.0 = Release|Any CPU
		{C4E850A1-1382-42D5-9236-283C61263BE7}.Release|iPhone.ActiveCfg = Release|Any CPU
		{C4E850A1-1382-42D5-9236-283C61263BE7}.Release|iPhone.Build.0 = Release|Any CPU
		{C4E850A1-1382-42D5-9236-283C61263BE7}.Release|iPhone.Deploy.0 = Release|Any CPU
		{C4E850A1-1382-42D5-9236-283C61263BE7}.Release|iPhoneSimulator.ActiveCfg = Release|Any CPU
		{C4E850A1-1382-42D5-9236-283C61263BE7}.Release|iPhoneSimulator.Build.0 = Release|Any CPU
		{C4E850A1-1382-42D5-9236-283C61263BE7}.Release|iPhoneSimulator.Deploy.0 = Release|Any CPU
		{C4E850A1-1382-42D5-9236-283C61263BE7}.Release|x64.ActiveCfg = Release|Any CPU
		{C4E850A1-1382-42D5-9236-283C61263BE7}.Release|x64.Build.0 = Release|Any CPU
		{C4E850A1-1382-42D5-9236-283C61263BE7}.Release|x64.Deploy.0 = Release|Any CPU
		{C4E850A1-1382-42D5-9236-283C61263BE7}.Release|x86.ActiveCfg = Release|Any CPU
		{C4E850A1-1382-42D5-9236-283C61263BE7}.Release|x86.Build.0 = Release|Any CPU
		{C4E850A1-1382-42D5-9236-283C61263BE7}.Release|x86.Deploy.0 = Release|Any CPU
		{3AFB0364-3A86-418D-A57E-8B6ED2A37EFC}.Ad-Hoc|Any CPU.ActiveCfg = Ad-Hoc|iPhone
		{3AFB0364-3A86-418D-A57E-8B6ED2A37EFC}.Ad-Hoc|Any CPU.Build.0 = Ad-Hoc|iPhone
		{3AFB0364-3A86-418D-A57E-8B6ED2A37EFC}.Ad-Hoc|Any CPU.Deploy.0 = Ad-Hoc|iPhone
		{3AFB0364-3A86-418D-A57E-8B6ED2A37EFC}.Ad-Hoc|ARM.ActiveCfg = Ad-Hoc|iPhone
		{3AFB0364-3A86-418D-A57E-8B6ED2A37EFC}.Ad-Hoc|ARM.Build.0 = Ad-Hoc|iPhone
		{3AFB0364-3A86-418D-A57E-8B6ED2A37EFC}.Ad-Hoc|ARM.Deploy.0 = Ad-Hoc|iPhone
		{3AFB0364-3A86-418D-A57E-8B6ED2A37EFC}.Ad-Hoc|iPhone.ActiveCfg = Ad-Hoc|iPhone
		{3AFB0364-3A86-418D-A57E-8B6ED2A37EFC}.Ad-Hoc|iPhone.Build.0 = Ad-Hoc|iPhone
		{3AFB0364-3A86-418D-A57E-8B6ED2A37EFC}.Ad-Hoc|iPhone.Deploy.0 = Ad-Hoc|iPhone
		{3AFB0364-3A86-418D-A57E-8B6ED2A37EFC}.Ad-Hoc|iPhoneSimulator.ActiveCfg = Ad-Hoc|iPhoneSimulator
		{3AFB0364-3A86-418D-A57E-8B6ED2A37EFC}.Ad-Hoc|iPhoneSimulator.Build.0 = Ad-Hoc|iPhoneSimulator
		{3AFB0364-3A86-418D-A57E-8B6ED2A37EFC}.Ad-Hoc|iPhoneSimulator.Deploy.0 = Ad-Hoc|iPhoneSimulator
		{3AFB0364-3A86-418D-A57E-8B6ED2A37EFC}.Ad-Hoc|x64.ActiveCfg = Ad-Hoc|iPhone
		{3AFB0364-3A86-418D-A57E-8B6ED2A37EFC}.Ad-Hoc|x64.Build.0 = Ad-Hoc|iPhone
		{3AFB0364-3A86-418D-A57E-8B6ED2A37EFC}.Ad-Hoc|x64.Deploy.0 = Ad-Hoc|iPhone
		{3AFB0364-3A86-418D-A57E-8B6ED2A37EFC}.Ad-Hoc|x86.ActiveCfg = Ad-Hoc|iPhone
		{3AFB0364-3A86-418D-A57E-8B6ED2A37EFC}.Ad-Hoc|x86.Build.0 = Ad-Hoc|iPhone
		{3AFB0364-3A86-418D-A57E-8B6ED2A37EFC}.Ad-Hoc|x86.Deploy.0 = Ad-Hoc|iPhone
		{3AFB0364-3A86-418D-A57E-8B6ED2A37EFC}.AppStore|Any CPU.ActiveCfg = AppStore|iPhone
		{3AFB0364-3A86-418D-A57E-8B6ED2A37EFC}.AppStore|Any CPU.Build.0 = AppStore|iPhone
		{3AFB0364-3A86-418D-A57E-8B6ED2A37EFC}.AppStore|Any CPU.Deploy.0 = AppStore|iPhone
		{3AFB0364-3A86-418D-A57E-8B6ED2A37EFC}.AppStore|ARM.ActiveCfg = AppStore|iPhone
		{3AFB0364-3A86-418D-A57E-8B6ED2A37EFC}.AppStore|ARM.Build.0 = AppStore|iPhone
		{3AFB0364-3A86-418D-A57E-8B6ED2A37EFC}.AppStore|ARM.Deploy.0 = AppStore|iPhone
		{3AFB0364-3A86-418D-A57E-8B6ED2A37EFC}.AppStore|iPhone.ActiveCfg = AppStore|iPhone
		{3AFB0364-3A86-418D-A57E-8B6ED2A37EFC}.AppStore|iPhone.Build.0 = AppStore|iPhone
		{3AFB0364-3A86-418D-A57E-8B6ED2A37EFC}.AppStore|iPhone.Deploy.0 = AppStore|iPhone
		{3AFB0364-3A86-418D-A57E-8B6ED2A37EFC}.AppStore|iPhoneSimulator.ActiveCfg = AppStore|iPhoneSimulator
		{3AFB0364-3A86-418D-A57E-8B6ED2A37EFC}.AppStore|iPhoneSimulator.Build.0 = AppStore|iPhoneSimulator
		{3AFB0364-3A86-418D-A57E-8B6ED2A37EFC}.AppStore|iPhoneSimulator.Deploy.0 = AppStore|iPhoneSimulator
		{3AFB0364-3A86-418D-A57E-8B6ED2A37EFC}.AppStore|x64.ActiveCfg = AppStore|iPhone
		{3AFB0364-3A86-418D-A57E-8B6ED2A37EFC}.AppStore|x64.Build.0 = AppStore|iPhone
		{3AFB0364-3A86-418D-A57E-8B6ED2A37EFC}.AppStore|x64.Deploy.0 = AppStore|iPhone
		{3AFB0364-3A86-418D-A57E-8B6ED2A37EFC}.AppStore|x86.ActiveCfg = AppStore|iPhone
		{3AFB0364-3A86-418D-A57E-8B6ED2A37EFC}.AppStore|x86.Build.0 = AppStore|iPhone
		{3AFB0364-3A86-418D-A57E-8B6ED2A37EFC}.AppStore|x86.Deploy.0 = AppStore|iPhone
		{3AFB0364-3A86-418D-A57E-8B6ED2A37EFC}.Debug|Any CPU.ActiveCfg = Debug|iPhoneSimulator
		{3AFB0364-3A86-418D-A57E-8B6ED2A37EFC}.Debug|Any CPU.Build.0 = Debug|iPhoneSimulator
		{3AFB0364-3A86-418D-A57E-8B6ED2A37EFC}.Debug|Any CPU.Deploy.0 = Debug|iPhoneSimulator
		{3AFB0364-3A86-418D-A57E-8B6ED2A37EFC}.Debug|ARM.ActiveCfg = Debug|iPhone
		{3AFB0364-3A86-418D-A57E-8B6ED2A37EFC}.Debug|ARM.Build.0 = Debug|iPhone
		{3AFB0364-3A86-418D-A57E-8B6ED2A37EFC}.Debug|ARM.Deploy.0 = Debug|iPhone
		{3AFB0364-3A86-418D-A57E-8B6ED2A37EFC}.Debug|iPhone.ActiveCfg = Debug|iPhone
		{3AFB0364-3A86-418D-A57E-8B6ED2A37EFC}.Debug|iPhone.Build.0 = Debug|iPhone
		{3AFB0364-3A86-418D-A57E-8B6ED2A37EFC}.Debug|iPhone.Deploy.0 = Debug|iPhone
		{3AFB0364-3A86-418D-A57E-8B6ED2A37EFC}.Debug|iPhoneSimulator.ActiveCfg = Debug|iPhoneSimulator
		{3AFB0364-3A86-418D-A57E-8B6ED2A37EFC}.Debug|iPhoneSimulator.Build.0 = Debug|iPhoneSimulator
		{3AFB0364-3A86-418D-A57E-8B6ED2A37EFC}.Debug|iPhoneSimulator.Deploy.0 = Debug|iPhoneSimulator
		{3AFB0364-3A86-418D-A57E-8B6ED2A37EFC}.Debug|x64.ActiveCfg = Debug|iPhone
		{3AFB0364-3A86-418D-A57E-8B6ED2A37EFC}.Debug|x64.Build.0 = Debug|iPhone
		{3AFB0364-3A86-418D-A57E-8B6ED2A37EFC}.Debug|x64.Deploy.0 = Debug|iPhone
		{3AFB0364-3A86-418D-A57E-8B6ED2A37EFC}.Debug|x86.ActiveCfg = Debug|iPhone
		{3AFB0364-3A86-418D-A57E-8B6ED2A37EFC}.Debug|x86.Build.0 = Debug|iPhone
		{3AFB0364-3A86-418D-A57E-8B6ED2A37EFC}.Debug|x86.Deploy.0 = Debug|iPhone
		{3AFB0364-3A86-418D-A57E-8B6ED2A37EFC}.Release|Any CPU.ActiveCfg = Release|iPhone
		{3AFB0364-3A86-418D-A57E-8B6ED2A37EFC}.Release|Any CPU.Build.0 = Release|iPhone
		{3AFB0364-3A86-418D-A57E-8B6ED2A37EFC}.Release|Any CPU.Deploy.0 = Release|iPhone
		{3AFB0364-3A86-418D-A57E-8B6ED2A37EFC}.Release|ARM.ActiveCfg = Release|iPhone
		{3AFB0364-3A86-418D-A57E-8B6ED2A37EFC}.Release|ARM.Build.0 = Release|iPhone
		{3AFB0364-3A86-418D-A57E-8B6ED2A37EFC}.Release|ARM.Deploy.0 = Release|iPhone
		{3AFB0364-3A86-418D-A57E-8B6ED2A37EFC}.Release|iPhone.ActiveCfg = Release|iPhone
		{3AFB0364-3A86-418D-A57E-8B6ED2A37EFC}.Release|iPhone.Build.0 = Release|iPhone
		{3AFB0364-3A86-418D-A57E-8B6ED2A37EFC}.Release|iPhone.Deploy.0 = Release|iPhone
		{3AFB0364-3A86-418D-A57E-8B6ED2A37EFC}.Release|iPhoneSimulator.ActiveCfg = Release|iPhoneSimulator
		{3AFB0364-3A86-418D-A57E-8B6ED2A37EFC}.Release|iPhoneSimulator.Build.0 = Release|iPhoneSimulator
		{3AFB0364-3A86-418D-A57E-8B6ED2A37EFC}.Release|iPhoneSimulator.Deploy.0 = Release|iPhoneSimulator
		{3AFB0364-3A86-418D-A57E-8B6ED2A37EFC}.Release|x64.ActiveCfg = Release|iPhone
		{3AFB0364-3A86-418D-A57E-8B6ED2A37EFC}.Release|x64.Build.0 = Release|iPhone
		{3AFB0364-3A86-418D-A57E-8B6ED2A37EFC}.Release|x64.Deploy.0 = Release|iPhone
		{3AFB0364-3A86-418D-A57E-8B6ED2A37EFC}.Release|x86.ActiveCfg = Release|iPhone
		{3AFB0364-3A86-418D-A57E-8B6ED2A37EFC}.Release|x86.Build.0 = Release|iPhone
		{3AFB0364-3A86-418D-A57E-8B6ED2A37EFC}.Release|x86.Deploy.0 = Release|iPhone
		{F91BCEEC-98AA-472C-B1F8-8E3A2005AE75}.Ad-Hoc|Any CPU.ActiveCfg = Release|x86
		{F91BCEEC-98AA-472C-B1F8-8E3A2005AE75}.Ad-Hoc|Any CPU.Build.0 = Release|x86
		{F91BCEEC-98AA-472C-B1F8-8E3A2005AE75}.Ad-Hoc|Any CPU.Deploy.0 = Release|x86
		{F91BCEEC-98AA-472C-B1F8-8E3A2005AE75}.Ad-Hoc|ARM.ActiveCfg = Release|ARM
		{F91BCEEC-98AA-472C-B1F8-8E3A2005AE75}.Ad-Hoc|ARM.Build.0 = Release|ARM
		{F91BCEEC-98AA-472C-B1F8-8E3A2005AE75}.Ad-Hoc|ARM.Deploy.0 = Release|ARM
		{F91BCEEC-98AA-472C-B1F8-8E3A2005AE75}.Ad-Hoc|iPhone.ActiveCfg = Release|x86
		{F91BCEEC-98AA-472C-B1F8-8E3A2005AE75}.Ad-Hoc|iPhone.Build.0 = Release|x86
		{F91BCEEC-98AA-472C-B1F8-8E3A2005AE75}.Ad-Hoc|iPhone.Deploy.0 = Release|x86
		{F91BCEEC-98AA-472C-B1F8-8E3A2005AE75}.Ad-Hoc|iPhoneSimulator.ActiveCfg = Release|x86
		{F91BCEEC-98AA-472C-B1F8-8E3A2005AE75}.Ad-Hoc|iPhoneSimulator.Build.0 = Release|x86
		{F91BCEEC-98AA-472C-B1F8-8E3A2005AE75}.Ad-Hoc|iPhoneSimulator.Deploy.0 = Release|x86
		{F91BCEEC-98AA-472C-B1F8-8E3A2005AE75}.Ad-Hoc|x64.ActiveCfg = Release|x64
		{F91BCEEC-98AA-472C-B1F8-8E3A2005AE75}.Ad-Hoc|x64.Build.0 = Release|x64
		{F91BCEEC-98AA-472C-B1F8-8E3A2005AE75}.Ad-Hoc|x64.Deploy.0 = Release|x64
		{F91BCEEC-98AA-472C-B1F8-8E3A2005AE75}.Ad-Hoc|x86.ActiveCfg = Release|x86
		{F91BCEEC-98AA-472C-B1F8-8E3A2005AE75}.Ad-Hoc|x86.Build.0 = Release|x86
		{F91BCEEC-98AA-472C-B1F8-8E3A2005AE75}.Ad-Hoc|x86.Deploy.0 = Release|x86
		{F91BCEEC-98AA-472C-B1F8-8E3A2005AE75}.AppStore|Any CPU.ActiveCfg = Release|x86
		{F91BCEEC-98AA-472C-B1F8-8E3A2005AE75}.AppStore|Any CPU.Build.0 = Release|x86
		{F91BCEEC-98AA-472C-B1F8-8E3A2005AE75}.AppStore|Any CPU.Deploy.0 = Release|x86
		{F91BCEEC-98AA-472C-B1F8-8E3A2005AE75}.AppStore|ARM.ActiveCfg = Release|ARM
		{F91BCEEC-98AA-472C-B1F8-8E3A2005AE75}.AppStore|ARM.Build.0 = Release|ARM
		{F91BCEEC-98AA-472C-B1F8-8E3A2005AE75}.AppStore|ARM.Deploy.0 = Release|ARM
		{F91BCEEC-98AA-472C-B1F8-8E3A2005AE75}.AppStore|iPhone.ActiveCfg = Release|x86
		{F91BCEEC-98AA-472C-B1F8-8E3A2005AE75}.AppStore|iPhone.Build.0 = Release|x86
		{F91BCEEC-98AA-472C-B1F8-8E3A2005AE75}.AppStore|iPhone.Deploy.0 = Release|x86
		{F91BCEEC-98AA-472C-B1F8-8E3A2005AE75}.AppStore|iPhoneSimulator.ActiveCfg = Release|x86
		{F91BCEEC-98AA-472C-B1F8-8E3A2005AE75}.AppStore|iPhoneSimulator.Build.0 = Release|x86
		{F91BCEEC-98AA-472C-B1F8-8E3A2005AE75}.AppStore|iPhoneSimulator.Deploy.0 = Release|x86
		{F91BCEEC-98AA-472C-B1F8-8E3A2005AE75}.AppStore|x64.ActiveCfg = Release|x64
		{F91BCEEC-98AA-472C-B1F8-8E3A2005AE75}.AppStore|x64.Build.0 = Release|x64
		{F91BCEEC-98AA-472C-B1F8-8E3A2005AE75}.AppStore|x64.Deploy.0 = Release|x64
		{F91BCEEC-98AA-472C-B1F8-8E3A2005AE75}.AppStore|x86.ActiveCfg = Release|x86
		{F91BCEEC-98AA-472C-B1F8-8E3A2005AE75}.AppStore|x86.Build.0 = Release|x86
		{F91BCEEC-98AA-472C-B1F8-8E3A2005AE75}.AppStore|x86.Deploy.0 = Release|x86
		{F91BCEEC-98AA-472C-B1F8-8E3A2005AE75}.Debug|Any CPU.ActiveCfg = Debug|x86
		{F91BCEEC-98AA-472C-B1F8-8E3A2005AE75}.Debug|Any CPU.Build.0 = Debug|x86
		{F91BCEEC-98AA-472C-B1F8-8E3A2005AE75}.Debug|Any CPU.Deploy.0 = Debug|x86
		{F91BCEEC-98AA-472C-B1F8-8E3A2005AE75}.Debug|ARM.ActiveCfg = Debug|ARM
		{F91BCEEC-98AA-472C-B1F8-8E3A2005AE75}.Debug|ARM.Build.0 = Debug|ARM
		{F91BCEEC-98AA-472C-B1F8-8E3A2005AE75}.Debug|ARM.Deploy.0 = Debug|ARM
		{F91BCEEC-98AA-472C-B1F8-8E3A2005AE75}.Debug|iPhone.ActiveCfg = Debug|x86
		{F91BCEEC-98AA-472C-B1F8-8E3A2005AE75}.Debug|iPhone.Build.0 = Debug|x86
		{F91BCEEC-98AA-472C-B1F8-8E3A2005AE75}.Debug|iPhone.Deploy.0 = Debug|x86
		{F91BCEEC-98AA-472C-B1F8-8E3A2005AE75}.Debug|iPhoneSimulator.ActiveCfg = Debug|x86
		{F91BCEEC-98AA-472C-B1F8-8E3A2005AE75}.Debug|iPhoneSimulator.Build.0 = Debug|x86
		{F91BCEEC-98AA-472C-B1F8-8E3A2005AE75}.Debug|iPhoneSimulator.Deploy.0 = Debug|x86
		{F91BCEEC-98AA-472C-B1F8-8E3A2005AE75}.Debug|x64.ActiveCfg = Debug|x64
		{F91BCEEC-98AA-472C-B1F8-8E3A2005AE75}.Debug|x64.Build.0 = Debug|x64
		{F91BCEEC-98AA-472C-B1F8-8E3A2005AE75}.Debug|x64.Deploy.0 = Debug|x64
		{F91BCEEC-98AA-472C-B1F8-8E3A2005AE75}.Debug|x86.ActiveCfg = Debug|x86
		{F91BCEEC-98AA-472C-B1F8-8E3A2005AE75}.Debug|x86.Build.0 = Debug|x86
		{F91BCEEC-98AA-472C-B1F8-8E3A2005AE75}.Debug|x86.Deploy.0 = Debug|x86
		{F91BCEEC-98AA-472C-B1F8-8E3A2005AE75}.Release|Any CPU.ActiveCfg = Release|x86
		{F91BCEEC-98AA-472C-B1F8-8E3A2005AE75}.Release|Any CPU.Build.0 = Release|x86
		{F91BCEEC-98AA-472C-B1F8-8E3A2005AE75}.Release|Any CPU.Deploy.0 = Release|x86
		{F91BCEEC-98AA-472C-B1F8-8E3A2005AE75}.Release|ARM.ActiveCfg = Release|ARM
		{F91BCEEC-98AA-472C-B1F8-8E3A2005AE75}.Release|ARM.Build.0 = Release|ARM
		{F91BCEEC-98AA-472C-B1F8-8E3A2005AE75}.Release|ARM.Deploy.0 = Release|ARM
		{F91BCEEC-98AA-472C-B1F8-8E3A2005AE75}.Release|iPhone.ActiveCfg = Release|x86
		{F91BCEEC-98AA-472C-B1F8-8E3A2005AE75}.Release|iPhone.Build.0 = Release|x86
		{F91BCEEC-98AA-472C-B1F8-8E3A2005AE75}.Release|iPhone.Deploy.0 = Release|x86
		{F91BCEEC-98AA-472C-B1F8-8E3A2005AE75}.Release|iPhoneSimulator.ActiveCfg = Release|x86
		{F91BCEEC-98AA-472C-B1F8-8E3A2005AE75}.Release|iPhoneSimulator.Build.0 = Release|x86
		{F91BCEEC-98AA-472C-B1F8-8E3A2005AE75}.Release|iPhoneSimulator.Deploy.0 = Release|x86
		{F91BCEEC-98AA-472C-B1F8-8E3A2005AE75}.Release|x64.ActiveCfg = Release|x64
		{F91BCEEC-98AA-472C-B1F8-8E3A2005AE75}.Release|x64.Build.0 = Release|x64
		{F91BCEEC-98AA-472C-B1F8-8E3A2005AE75}.Release|x64.Deploy.0 = Release|x64
		{F91BCEEC-98AA-472C-B1F8-8E3A2005AE75}.Release|x86.ActiveCfg = Release|x86
		{F91BCEEC-98AA-472C-B1F8-8E3A2005AE75}.Release|x86.Build.0 = Release|x86
		{F91BCEEC-98AA-472C-B1F8-8E3A2005AE75}.Release|x86.Deploy.0 = Release|x86
		{64C958C8-3D0D-4607-A197-96C6230C42CC}.Ad-Hoc|Any CPU.ActiveCfg = Debug|Any CPU
		{64C958C8-3D0D-4607-A197-96C6230C42CC}.Ad-Hoc|Any CPU.Build.0 = Debug|Any CPU
		{64C958C8-3D0D-4607-A197-96C6230C42CC}.Ad-Hoc|Any CPU.Deploy.0 = Debug|Any CPU
		{64C958C8-3D0D-4607-A197-96C6230C42CC}.Ad-Hoc|ARM.ActiveCfg = Debug|Any CPU
		{64C958C8-3D0D-4607-A197-96C6230C42CC}.Ad-Hoc|ARM.Build.0 = Debug|Any CPU
		{64C958C8-3D0D-4607-A197-96C6230C42CC}.Ad-Hoc|ARM.Deploy.0 = Debug|Any CPU
		{64C958C8-3D0D-4607-A197-96C6230C42CC}.Ad-Hoc|iPhone.ActiveCfg = Debug|Any CPU
		{64C958C8-3D0D-4607-A197-96C6230C42CC}.Ad-Hoc|iPhone.Build.0 = Debug|Any CPU
		{64C958C8-3D0D-4607-A197-96C6230C42CC}.Ad-Hoc|iPhone.Deploy.0 = Debug|Any CPU
		{64C958C8-3D0D-4607-A197-96C6230C42CC}.Ad-Hoc|iPhoneSimulator.ActiveCfg = Debug|Any CPU
		{64C958C8-3D0D-4607-A197-96C6230C42CC}.Ad-Hoc|iPhoneSimulator.Build.0 = Debug|Any CPU
		{64C958C8-3D0D-4607-A197-96C6230C42CC}.Ad-Hoc|iPhoneSimulator.Deploy.0 = Debug|Any CPU
		{64C958C8-3D0D-4607-A197-96C6230C42CC}.Ad-Hoc|x64.ActiveCfg = Debug|Any CPU
		{64C958C8-3D0D-4607-A197-96C6230C42CC}.Ad-Hoc|x64.Build.0 = Debug|Any CPU
		{64C958C8-3D0D-4607-A197-96C6230C42CC}.Ad-Hoc|x64.Deploy.0 = Debug|Any CPU
		{64C958C8-3D0D-4607-A197-96C6230C42CC}.Ad-Hoc|x86.ActiveCfg = Debug|Any CPU
		{64C958C8-3D0D-4607-A197-96C6230C42CC}.Ad-Hoc|x86.Build.0 = Debug|Any CPU
		{64C958C8-3D0D-4607-A197-96C6230C42CC}.Ad-Hoc|x86.Deploy.0 = Debug|Any CPU
		{64C958C8-3D0D-4607-A197-96C6230C42CC}.AppStore|Any CPU.ActiveCfg = Debug|Any CPU
		{64C958C8-3D0D-4607-A197-96C6230C42CC}.AppStore|Any CPU.Build.0 = Debug|Any CPU
		{64C958C8-3D0D-4607-A197-96C6230C42CC}.AppStore|Any CPU.Deploy.0 = Debug|Any CPU
		{64C958C8-3D0D-4607-A197-96C6230C42CC}.AppStore|ARM.ActiveCfg = Debug|Any CPU
		{64C958C8-3D0D-4607-A197-96C6230C42CC}.AppStore|ARM.Build.0 = Debug|Any CPU
		{64C958C8-3D0D-4607-A197-96C6230C42CC}.AppStore|ARM.Deploy.0 = Debug|Any CPU
		{64C958C8-3D0D-4607-A197-96C6230C42CC}.AppStore|iPhone.ActiveCfg = Debug|Any CPU
		{64C958C8-3D0D-4607-A197-96C6230C42CC}.AppStore|iPhone.Build.0 = Debug|Any CPU
		{64C958C8-3D0D-4607-A197-96C6230C42CC}.AppStore|iPhone.Deploy.0 = Debug|Any CPU
		{64C958C8-3D0D-4607-A197-96C6230C42CC}.AppStore|iPhoneSimulator.ActiveCfg = Debug|Any CPU
		{64C958C8-3D0D-4607-A197-96C6230C42CC}.AppStore|iPhoneSimulator.Build.0 = Debug|Any CPU
		{64C958C8-3D0D-4607-A197-96C6230C42CC}.AppStore|iPhoneSimulator.Deploy.0 = Debug|Any CPU
		{64C958C8-3D0D-4607-A197-96C6230C42CC}.AppStore|x64.ActiveCfg = Debug|Any CPU
		{64C958C8-3D0D-4607-A197-96C6230C42CC}.AppStore|x64.Build.0 = Debug|Any CPU
		{64C958C8-3D0D-4607-A197-96C6230C42CC}.AppStore|x64.Deploy.0 = Debug|Any CPU
		{64C958C8-3D0D-4607-A197-96C6230C42CC}.AppStore|x86.ActiveCfg = Debug|Any CPU
		{64C958C8-3D0D-4607-A197-96C6230C42CC}.AppStore|x86.Build.0 = Debug|Any CPU
		{64C958C8-3D0D-4607-A197-96C6230C42CC}.AppStore|x86.Deploy.0 = Debug|Any CPU
		{64C958C8-3D0D-4607-A197-96C6230C42CC}.Debug|Any CPU.ActiveCfg = Debug|Any CPU
		{64C958C8-3D0D-4607-A197-96C6230C42CC}.Debug|Any CPU.Build.0 = Debug|Any CPU
		{64C958C8-3D0D-4607-A197-96C6230C42CC}.Debug|Any CPU.Deploy.0 = Debug|Any CPU
		{64C958C8-3D0D-4607-A197-96C6230C42CC}.Debug|ARM.ActiveCfg = Debug|Any CPU
		{64C958C8-3D0D-4607-A197-96C6230C42CC}.Debug|ARM.Build.0 = Debug|Any CPU
		{64C958C8-3D0D-4607-A197-96C6230C42CC}.Debug|ARM.Deploy.0 = Debug|Any CPU
		{64C958C8-3D0D-4607-A197-96C6230C42CC}.Debug|iPhone.ActiveCfg = Debug|Any CPU
		{64C958C8-3D0D-4607-A197-96C6230C42CC}.Debug|iPhone.Build.0 = Debug|Any CPU
		{64C958C8-3D0D-4607-A197-96C6230C42CC}.Debug|iPhone.Deploy.0 = Debug|Any CPU
		{64C958C8-3D0D-4607-A197-96C6230C42CC}.Debug|iPhoneSimulator.ActiveCfg = Debug|Any CPU
		{64C958C8-3D0D-4607-A197-96C6230C42CC}.Debug|iPhoneSimulator.Build.0 = Debug|Any CPU
		{64C958C8-3D0D-4607-A197-96C6230C42CC}.Debug|iPhoneSimulator.Deploy.0 = Debug|Any CPU
		{64C958C8-3D0D-4607-A197-96C6230C42CC}.Debug|x64.ActiveCfg = Debug|Any CPU
		{64C958C8-3D0D-4607-A197-96C6230C42CC}.Debug|x64.Build.0 = Debug|Any CPU
		{64C958C8-3D0D-4607-A197-96C6230C42CC}.Debug|x64.Deploy.0 = Debug|Any CPU
		{64C958C8-3D0D-4607-A197-96C6230C42CC}.Debug|x86.ActiveCfg = Debug|Any CPU
		{64C958C8-3D0D-4607-A197-96C6230C42CC}.Debug|x86.Build.0 = Debug|Any CPU
		{64C958C8-3D0D-4607-A197-96C6230C42CC}.Debug|x86.Deploy.0 = Debug|Any CPU
		{64C958C8-3D0D-4607-A197-96C6230C42CC}.Release|Any CPU.ActiveCfg = Release|Any CPU
		{64C958C8-3D0D-4607-A197-96C6230C42CC}.Release|Any CPU.Build.0 = Release|Any CPU
		{64C958C8-3D0D-4607-A197-96C6230C42CC}.Release|Any CPU.Deploy.0 = Release|Any CPU
		{64C958C8-3D0D-4607-A197-96C6230C42CC}.Release|ARM.ActiveCfg = Release|Any CPU
		{64C958C8-3D0D-4607-A197-96C6230C42CC}.Release|ARM.Build.0 = Release|Any CPU
		{64C958C8-3D0D-4607-A197-96C6230C42CC}.Release|ARM.Deploy.0 = Release|Any CPU
		{64C958C8-3D0D-4607-A197-96C6230C42CC}.Release|iPhone.ActiveCfg = Release|Any CPU
		{64C958C8-3D0D-4607-A197-96C6230C42CC}.Release|iPhone.Build.0 = Release|Any CPU
		{64C958C8-3D0D-4607-A197-96C6230C42CC}.Release|iPhone.Deploy.0 = Release|Any CPU
		{64C958C8-3D0D-4607-A197-96C6230C42CC}.Release|iPhoneSimulator.ActiveCfg = Release|Any CPU
		{64C958C8-3D0D-4607-A197-96C6230C42CC}.Release|iPhoneSimulator.Build.0 = Release|Any CPU
		{64C958C8-3D0D-4607-A197-96C6230C42CC}.Release|iPhoneSimulator.Deploy.0 = Release|Any CPU
		{64C958C8-3D0D-4607-A197-96C6230C42CC}.Release|x64.ActiveCfg = Release|Any CPU
		{64C958C8-3D0D-4607-A197-96C6230C42CC}.Release|x64.Build.0 = Release|Any CPU
		{64C958C8-3D0D-4607-A197-96C6230C42CC}.Release|x64.Deploy.0 = Release|Any CPU
		{64C958C8-3D0D-4607-A197-96C6230C42CC}.Release|x86.ActiveCfg = Release|Any CPU
		{64C958C8-3D0D-4607-A197-96C6230C42CC}.Release|x86.Build.0 = Release|Any CPU
		{64C958C8-3D0D-4607-A197-96C6230C42CC}.Release|x86.Deploy.0 = Release|Any CPU
	EndGlobalSection
	GlobalSection(SolutionProperties) = preSolution
		HideSolutionNode = FALSE
	EndGlobalSection
	GlobalSection(ExtensibilityGlobals) = postSolution
		SolutionGuid = {3A746BB5-F3F2-407C-86E9-86ADC908256D}
	EndGlobalSection
EndGlobal
